
Microsoft Visual Studio Solution File, Format Version 12.00
# Visual Studio Version 17
VisualStudioVersion = 17.7.34031.279
MinimumVisualStudioVersion = 10.0.40219.1
Project("{8BC9CEB8-8B4A-11D0-8D11-00A0C91BC942}") = "Chess", "Chess\Chess.vcxproj", "{22695915-5A42-4FA5-9481-29FD1F6DDBCC}"
EndProject
Global
	GlobalSection(SolutionConfigurationPlatforms) = preSolution
		Debug|x64 = Debug|x64
		Debug|x86 = Debug|x86
		Release|x64 = Release|x64
		Release|x86 = Release|x86
	EndGlobalSection
	GlobalSection(ProjectConfigurationPlatforms) = postSolution
		{22695915-5A42-4FA5-9481-29FD1F6DDBCC}.Debug|x64.ActiveCfg = Debug|x64
		{22695915-5A42-4FA5-9481-29FD1F6DDBCC}.Debug|x64.Build.0 = Debug|x64
		{22695915-5A42-4FA5-9481-29FD1F6DDBCC}.Debug|x86.ActiveCfg = Debug|Win32
		{22695915-5A42-4FA5-9481-29FD1F6DDBCC}.Debug|x86.Build.0 = Debug|Win32
		{22695915-5A42-4FA5-9481-29FD1F6DDBCC}.Release|x64.ActiveCfg = Release|x64
		{22695915-5A42-4FA5-9481-29FD1F6DDBCC}.Release|x64.Build.0 = Release|x64
		{22695915-5A42-4FA5-9481-29FD1F6DDBCC}.Release|x86.ActiveCfg = Release|Win32
		{22695915-5A42-4FA5-9481-29FD1F6DDBCC}.Release|x86.Build.0 = Release|Win32
	EndGlobalSection
	GlobalSection(SolutionProperties) = preSolution
		HideSolutionNode = FALSE
	EndGlobalSection
	GlobalSection(ExtensibilityGlobals) = postSolution
		SolutionGuid = {5524EA5F-821E-4781-9629-839D12E7F220}
	EndGlobalSection
EndGlobal
